{
  "lockfile_version": "1",
  "packages": {
    "github:NixOS/nixpkgs/nixpkgs-unstable": {
      "last_modified": "2026-07-13T16:51:43Z",
      "resolved": "github:NixOS/nixpkgs/8431ff8a526bba781b711db7ae58ad0e49c38e35?lastModified=1783961503&narHash=sha256-w2mhNul1naH3kbPjnMs%2FrvVA0gFHeCUs8NzmFrA%2BLUA%3D"
    },
    "gnumake@latest": {
      "last_modified": "2026-07-13T16:51:43Z",
      "resolved": "github:NixOS/nixpkgs/8431ff8a526bba781b711db7ae58ad0e49c38e35#gnumake",
      "source": "devbox-search",
      "version": "4.4.1",
      "systems": {
        "aarch64-darwin": {
          "outputs": [
            {
              "name": "out",
              "path": "/nix/store/kr71adf93rs30izqrsskc8mn0rw4xdsw-gnumake-4.4.1",
              "default": true
            },
            {
              "name": "man",
              "path": "/nix/store/5jq2zj5v0hy1z581d62disrng6q637k4-gnumake-4.4.1-man",
              "default": true
            },
            {
              "name": "doc",
              "path": "/nix/store/b0sjqwdxzkhxyj17xb3x779sv3ryzmdd-gnumake-4.4.1-doc"
            },
            {
              "name": "info",
              "path": "/nix/store/90g39789sbm7pm07bsdhhy2df6xjsl18-gnumake-4.4.1-info"
            }
          ],
          "store_path": "/nix/store/kr71adf93rs30izqrsskc8mn0rw4xdsw-gnumake-4.4.1"
        },
        "aarch64-linux": {
          "outputs": [
            {
              "name": "out",
              "path": "/nix/store/ik3iy7gsr549r5d7alr6j1dc5bf0x3yk-gnumake-4.4.1",
              "default": true
            },
            {
              "name": "man",
              "path": "/nix/store/zlrj9bnh7k1p8y8z4h85pxn47fp2piv9-gnumake-4.4.1-man",
              "default": true
            },
            {
              "name": "info",
              "path": "/nix/store/qmk342drxxfd3hmbnwpa51mqax66fs86-gnumake-4.4.1-info"
            },
            {
              "name": "debug",
              "path": "/nix/store/38zyx64rsvgkyildpp8h6sm78p5sh0hv-gnumake-4.4.1-debug"
            },
            {
              "name": "doc",
              "path": "/nix/store/23h892zgqyk6iz13d18iqrka5d7jfizm-gnumake-4.4.1-doc"
            }
          ],
          "store_path": "/nix/store/ik3iy7gsr549r5d7alr6j1dc5bf0x3yk-gnumake-4.4.1"
        },
        "x86_64-darwin": {
          "outputs": [
            {
              "name": "out",
              "path": "/nix/store/0bg5b97b9hbhz8907bfcrch1i116xppa-gnumake-4.4.1",
              "default": true
            },
            {
              "name": "man",
              "path": "/nix/store/wb4yn3d7vmi1hr4f8pz38rjvcl7f70ma-gnumake-4.4.1-man",
              "default": true
            },
            {
              "name": "doc",
              "path": "/nix/store/3b9cjf16jx4ncpp3b4k6m8q01nxsrw1n-gnumake-4.4.1-doc"
            },
            {
              "name": "info",
              "path": "/nix/store/rriz5p4q8a6sca7sw3p3js1m5dl09ia8-gnumake-4.4.1-info"
            }
          ],
          "store_path": "/nix/store/0bg5b97b9hbhz8907bfcrch1i116xppa-gnumake-4.4.1"
        },
        "x86_64-linux": {
          "outputs": [
            {
              "name": "out",
              "path": "/nix/store/9m4gd15rxxz4xfafqysi5q7jaczxv65c-gnumake-4.4.1",
              "default": true
            },
            {
              "name": "man",
              "path": "/nix/store/nzb365pi5493f66fdh7skzfpw0dlhkw4-gnumake-4.4.1-man",
              "default": true
            },
            {
              "name": "debug",
              "path": "/nix/store/rx8a7585b7ryax54lvzkp46f48dxwi3g-gnumake-4.4.1-debug"
            },
            {
              "name": "doc",
              "path": "/nix/store/6npzah3v5xw40279228l4ynms5jf8ca5-gnumake-4.4.1-doc"
            },
            {
              "name": "info",
              "path": "/nix/store/2jcqrzphphll7fpsarpigy13jm4h3nf8-gnumake-4.4.1-info"
            }
          ],
          "store_path": "/nix/store/9m4gd15rxxz4xfafqysi5q7jaczxv65c-gnumake-4.4.1"
        }
      }
    },
    "go@latest": {
      "last_modified": "2026-07-08T21:13:06Z",
      "resolved": "github:NixOS/nixpkgs/389ed85304b281ca7f306cf8a1eb4378651ca44e#go",
      "source": "devbox-search",
      "version": "1.26.4",
      "systems": {
        "aarch64-darwin": {
          "outputs": [
            {
              "name": "out",
              "path": "/nix/store/38idfbqyw3p8xaslv6bnrig62pj7qy6i-go-1.26.4",
              "default": true
            }
          ],
          "store_path": "/nix/store/38idfbqyw3p8xaslv6bnrig62pj7qy6i-go-1.26.4"
        },
        "aarch64-linux": {
          "outputs": [
            {
              "name": "out",
              "path": "/nix/store/z8b7c0h6g8dnv6vlxh7fha1d66krvgn9-go-1.26.4",
              "default": true
            }
          ],
          "store_path": "/nix/store/z8b7c0h6g8dnv6vlxh7fha1d66krvgn9-go-1.26.4"
        },
        "x86_64-darwin": {
          "outputs": [
            {
              "name": "out",
              "path": "/nix/store/h0z6ghmi3cihlbm163d72xs9p9nn04a1-go-1.26.4",
              "default": true
            }
          ],
          "store_path": "/nix/store/h0z6ghmi3cihlbm163d72xs9p9nn04a1-go-1.26.4"
        },
        "x86_64-linux": {
          "outputs": [
            {
              "name": "out",
              "path": "/nix/store/1xklj6dmgcpgz60c9w2ynaq7ynzfsrrq-go-1.26.4",
              "default": true
            }
          ],
          "store_path": "/nix/store/1xklj6dmgcpgz60c9w2ynaq7ynzfsrrq-go-1.26.4"
        }
      }
    },
    "kubernetes-helm@latest": {
      "last_modified": "2026-06-27T07:37:20Z",
      "resolved": "github:NixOS/nixpkgs/3d46470bb3030020f7e1361f33514854f5bfa86d#kubernetes-helm",
      "source": "devbox-search",
      "version": "4.2.2",
      "systems": {
        "aarch64-darwin": {
          "outputs": [
            {
              "name": "out",
              "path": "/nix/store/0lgmnlz0r7x05r4jpxzpcwnhni35i3wg-kubernetes-helm-4.2.2",
              "default": true
            }
          ],
          "store_path": "/nix/store/0lgmnlz0r7x05r4jpxzpcwnhni35i3wg-kubernetes-helm-4.2.2"
        },
        "aarch64-linux": {
          "outputs": [
            {
              "name": "out",
              "path": "/nix/store/pllrya7h5i20i9r5hfrbfjzkmw4xjffp-kubernetes-helm-4.2.2",
              "default": true
            }
          ],
          "store_path": "/nix/store/pllrya7h5i20i9r5hfrbfjzkmw4xjffp-kubernetes-helm-4.2.2"
        },
        "x86_64-darwin": {
          "outputs": [
            {
              "name": "out",
              "path": "/nix/store/39fam1y2h1hkc9aw6g4pialvjxbvyx7n-kubernetes-helm-4.2.2",
              "default": true
            }
          ],
          "store_path": "/nix/store/39fam1y2h1hkc9aw6g4pialvjxbvyx7n-kubernetes-helm-4.2.2"
        },
        "x86_64-linux": {
          "outputs": [
            {
              "name": "out",
              "path": "/nix/store/ddbnas115nhfl91ypa7sfi5zhhnrnyfy-kubernetes-helm-4.2.2",
              "default": true
            }
          ],
          "store_path": "/nix/store/ddbnas115nhfl91ypa7sfi5zhhnrnyfy-kubernetes-helm-4.2.2"
        }
      }
    }
  }
}
